// !$*UTF8*$!
{
	archiveVersion = 1;
	classes = {
	};
	objectVersion = 48;
	objects = {

/* Begin PBXBuildFile section */
		B5454B44208E7DAE00F8CEC7 /* AppDelegate.swift in Sources */ = {isa = PBXBuildFile; fileRef = B5454B43208E7DAE00F8CEC7 /* AppDelegate.swift */; };
		B5454B46208E7DAE00F8CEC7 /* ViewController.swift in Sources */ = {isa = PBXBuildFile; fileRef = B5454B45208E7DAE00F8CEC7 /* ViewController.swift */; };
		B5454B49208E7DAE00F8CEC7 /* Main.storyboard in Resources */ = {isa = PBXBuildFile; fileRef = B5454B47208E7DAE00F8CEC7 /* Main.storyboard */; };
		B5454B4B208E7DAE00F8CEC7 /* Assets.xcassets in Resources */ = {isa = PBXBuildFile; fileRef = B5454B4A208E7DAE00F8CEC7 /* Assets.xcassets */; };
		B5454B4E208E7DAE00F8CEC7 /* LaunchScreen.storyboard in Resources */ = {isa = PBXBuildFile; fileRef = B5454B4C208E7DAE00F8CEC7 /* LaunchScreen.storyboard */; };
		B5595F57208E83570002A428 /* AustinViewController.swift in Sources */ = {isa = PBXBuildFile; fileRef = B5595F56208E83570002A428 /* AustinViewController.swift */; };
		B5595F59208E83930002A428 /* SanAntonioViewController.swift in Sources */ = {isa = PBXBuildFile; fileRef = B5595F58208E83930002A428 /* SanAntonioViewController.swift */; };
		B5595F5B208E83D20002A428 /* SanMarcosViewController.swift in Sources */ = {isa = PBXBuildFile; fileRef = B5595F5A208E83D20002A428 /* SanMarcosViewController.swift */; };
/* End PBXBuildFile section */

/* Begin PBXFileReference section */
		B5454B40208E7DAE00F8CEC7 /* HeatFinder.app */ = {isa = PBXFileReference; explicitFileType = wrapper.application; includeInIndex = 0; path = HeatFinder.app; sourceTree = BUILT_PRODUCTS_DIR; };
		B5454B43208E7DAE00F8CEC7 /* AppDelegate.swift */ = {isa = PBXFileReference; lastKnownFileType = sourcecode.swift; path = AppDelegate.swift; sourceTree = "<group>"; };
		B5454B45208E7DAE00F8CEC7 /* ViewController.swift */ = {isa = PBXFileReference; lastKnownFileType = sourcecode.swift; path = ViewController.swift; sourceTree = "<group>"; };
		B5454B48208E7DAE00F8CEC7 /* Base */ = {isa = PBXFileReference; lastKnownFileType = file.storyboard; name = Base; path = Base.lproj/Main.storyboard; sourceTree = "<group>"; };
		B5454B4A208E7DAE00F8CEC7 /* Assets.xcassets */ = {isa = PBXFileReference; lastKnownFileType = folder.assetcatalog; path = Assets.xcassets; sourceTree = "<group>"; };
		B5454B4D208E7DAE00F8CEC7 /* Base */ = {isa = PBXFileReference; lastKnownFileType = file.storyboard; name = Base; path = Base.lproj/LaunchScreen.storyboard; sourceTree = "<group>"; };
		B5454B4F208E7DAE00F8CEC7 /* Info.plist */ = {isa = PBXFileReference; lastKnownFileType = text.plist.xml; path = Info.plist; sourceTree = "<group>"; };
		B5595F56208E83570002A428 /* AustinViewController.swift */ = {isa = PBXFileReference; lastKnownFileType = sourcecode.swift; path = AustinViewController.swift; sourceTree = "<group>"; };
		B5595F58208E83930002A428 /* SanAntonioViewController.swift */ = {isa = PBXFileReference; lastKnownFileType = sourcecode.swift; path = SanAntonioViewController.swift; sourceTree = "<group>"; };
		B5595F5A208E83D20002A428 /* SanMarcosViewController.swift */ = {isa = PBXFileReference; lastKnownFileType = sourcecode.swift; path = SanMarcosViewController.swift; sourceTree = "<group>"; };
/* End PBXFileReference section */

/* Begin PBXFrameworksBuildPhase section */
		B5454B3D208E7DAE00F8CEC7 /* Frameworks */ = {
			isa = PBXFrameworksBuildPhase;
			buildActionMask = 2147483647;
			files = (
			);
			runOnlyForDeploymentPostprocessing = 0;
		};
/* End PBXFrameworksBuildPhase section */

/* Begin PBXGroup section */
		B5454B37208E7DAE00F8CEC7 = {
			isa = PBXGroup;
			children = (
				B5454B42208E7DAE00F8CEC7 /* HeatFinder */,
				B5454B41208E7DAE00F8CEC7 /* Products */,
			);
			sourceTree = "<group>";
		};
		B5454B41208E7DAE00F8CEC7 /* Products */ = {
			isa = PBXGroup;
			children = (
				B5454B40208E7DAE00F8CEC7 /* HeatFinder.app */,
			);
			name = Products;
			sourceTree = "<group>";
		};
		B5454B42208E7DAE00F8CEC7 /* HeatFinder */ = {
			isa = PBXGroup;
			children = (
				B5454B43208E7DAE00F8CEC7 /* AppDelegate.swift */,
				B5454B45208E7DAE00F8CEC7 /* ViewController.swift */,
				B5454B47208E7DAE00F8CEC7 /* Main.storyboard */,
				B5595F58208E83930002A428 /* SanAntonioViewController.swift */,
				B5595F5A208E83D20002A428 /* SanMarcosViewController.swift */,
				B5595F56208E83570002A428 /* AustinViewController.swift */,
				B5454B4A208E7DAE00F8CEC7 /* Assets.xcassets */,
				B5454B4C208E7DAE00F8CEC7 /* LaunchScreen.storyboard */,
				B5454B4F208E7DAE00F8CEC7 /* Info.plist */,
			);
			path = HeatFinder;
			sourceTree = "<group>";
		};
/* End PBXGroup section */

/* Begin PBXNativeTarget section */
		B5454B3F208E7DAE00F8CEC7 /* HeatFinder */ = {
			isa = PBXNativeTarget;
			buildConfigurationList = B5454B52208E7DAE00F8CEC7 /* Build configuration list for PBXNativeTarget "HeatFinder" */;
			buildPhases = (
				B5454B3C208E7DAE00F8CEC7 /* Sources */,
				B5454B3D208E7DAE00F8CEC7 /* Frameworks */,
				B5454B3E208E7DAE00F8CEC7 /* Resources */,
			);
			buildRules = (
			);
			dependencies = (
			);
			name = HeatFinder;
			productName = HeatFinder;
			productReference = B5454B40208E7DAE00F8CEC7 /* HeatFinder.app */;
			productType = "com.apple.product-type.application";
		};
/* End PBXNativeTarget section */

/* Begin PBXProject section */
		B5454B38208E7DAE00F8CEC7 /* Project object */ = {
			isa = PBXProject;
			attributes = {
				LastSwiftUpdateCheck = 0920;
				LastUpgradeCheck = 0920;
				ORGANIZATIONNAME = "Utley, Lawrence";
				TargetAttributes = {
					B5454B3F208E7DAE00F8CEC7 = {
						CreatedOnToolsVersion = 9.2;
						ProvisioningStyle = Automatic;
					};
				};
			};
			buildConfigurationList = B5454B3B208E7DAE00F8CEC7 /* Build configuration list for PBXProject "HeatFinder" */;
			compatibilityVersion = "Xcode 8.0";
			developmentRegion = en;
			hasScannedForEncodings = 0;
			knownRegions = (
				en,
				Base,
			);
			mainGroup = B5454B37208E7DAE00F8CEC7;
			productRefGroup = B5454B41208E7DAE00F8CEC7 /* Products */;
			projectDirPath = "";
			projectRoot = "";
			targets = (
				B5454B3F208E7DAE00F8CEC7 /* HeatFinder */,
			);
		};
/* End PBXProject section */

/* Begin PBXResourcesBuildPhase section */
		B5454B3E208E7DAE00F8CEC7 /* Resources */ = {
			isa = PBXResourcesBuildPhase;
			buildActionMask = 2147483647;
			files = (
				B5454B4E208E7DAE00F8CEC7 /* LaunchScreen.storyboard in Resources */,
				B5454B4B208E7DAE00F8CEC7 /* Assets.xcassets in Resources */,
				B5454B49208E7DAE00F8CEC7 /* Main.storyboard in Resources */,
			);
			runOnlyForDeploymentPostprocessing = 0;
		};
/* End PBXResourcesBuildPhase section */

/* Begin PBXSourcesBuildPhase section */
		B5454B3C208E7DAE00F8CEC7 /* Sources */ = {
			isa = PBXSourcesBuildPhase;
			buildActionMask = 2147483647;
			files = (
				B5454B46208E7DAE00F8CEC7 /* ViewController.swift in Sources */,
				B5595F57208E83570002A428 /* AustinViewController.swift in Sources */,
				B5595F59208E83930002A428 /* SanAntonioViewController.swift in Sources */,
				B5595F5B208E83D20002A428 /* SanMarcosViewController.swift in Sources */,
				B5454B44208E7DAE00F8CEC7 /* AppDelegate.swift in Sources */,
			);
			runOnlyForDeploymentPostprocessing = 0;
		};
/* End PBXSourcesBuildPhase section */

/* Begin PBXVariantGroup section */
		B5454B47208E7DAE00F8CEC7 /* Main.storyboard */ = {
			isa = PBXVariantGroup;
			children = (
				B5454B48208E7DAE00F8CEC7 /* Base */,
			);
			name = Main.storyboard;
			sourceTree = "<group>";
		};
		B5454B4C208E7DAE00F8CEC7 /* LaunchScreen.storyboard */ = {
			isa = PBXVariantGroup;
			children = (
				B5454B4D208E7DAE00F8CEC7 /* Base */,
			);
			name = LaunchScreen.storyboard;
			sourceTree = "<group>";
		};
/* End PBXVariantGroup section */

/* Begin XCBuildConfiguration section */
		B5454B50208E7DAE00F8CEC7 /* Debug */ = {
			isa = XCBuildConfiguration;
			buildSettings = {
				ALWAYS_SEARCH_USER_PATHS = NO;
				CLANG_ANALYZER_NONNULL = YES;
				CLANG_ANALYZER_NUMBER_OBJECT_CONVERSION = YES_AGGRESSIVE;
				CLANG_CXX_LANGUAGE_STANDARD = "gnu++14";
				CLANG_CXX_LIBRARY = "libc++";
				CLANG_ENABLE_MODULES = YES;
				CLANG_ENABLE_OBJC_ARC = YES;
				CLANG_WARN_BLOCK_CAPTURE_AUTORELEASING = YES;
				CLANG_WARN_BOOL_CONVERSION = YES;
				CLANG_WARN_COMMA = YES;
				CLANG_WARN_CONSTANT_CONVERSION = YES;
				CLANG_WARN_DIRECT_OBJC_ISA_USAGE = YES_ERROR;
				CLANG_WARN_DOCUMENTATION_COMMENTS = YES;
				CLANG_WARN_EMPTY_BODY = YES;
				CLANG_WARN_ENUM_CONVERSION = YES;
				CLANG_WARN_INFINITE_RECURSION = YES;
				CLANG_WARN_INT_CONVERSION = YES;
				CLANG_WARN_NON_LITERAL_NULL_CONVERSION = YES;
				CLANG_WARN_OBJC_LITERAL_CONVERSION = YES;
				CLANG_WARN_OBJC_ROOT_CLASS = YES_ERROR;
				CLANG_WARN_RANGE_LOOP_ANALYSIS = YES;
				CLANG_WARN_STRICT_PROTOTYPES = YES;
				CLANG_WARN_SUSPICIOUS_MOVE = YES;
				CLANG_WARN_UNGUARDED_AVAILABILITY = YES_AGGRESSIVE;
				CLANG_WARN_UNREACHABLE_CODE = YES;
				CLANG_WARN__DUPLICATE_METHOD_MATCH = YES;
				CODE_SIGN_IDENTITY = "iPhone Developer";
				COPY_PHASE_STRIP = NO;
				DEBUG_INFORMATION_FORMAT = dwarf;
				ENABLE_STRICT_OBJC_MSGSEND = YES;
				ENABLE_TESTABILITY = YES;
				GCC_C_LANGUAGE_STANDARD = gnu11;
				GCC_DYNAMIC_NO_PIC = NO;
				GCC_NO_COMMON_BLOCKS = YES;
				GCC_OPTIMIZATION_LEVEL = 0;
				GCC_PREPROCESSOR_DEFINITIONS = (
					"DEBUG=1",
					"$(inherited)",
				);
				GCC_WARN_64_TO_32_BIT_CONVERSION = YES;
				GCC_WARN_ABOUT_RETURN_TYPE = YES_ERROR;
				GCC_WARN_UNDECLARED_SELECTOR = YES;
				GCC_WARN_UNINITIALIZED_AUTOS = YES_AGGRESSIVE;
				GCC_WARN_UNUSED_FUNCTION = YES;
				GCC_WARN_UNUSED_VARIABLE = YES;
				IPHONEOS_DEPLOYMENT_TARGET = 11.2;
				MTL_ENABLE_DEBUG_INFO = YES;
				ONLY_ACTIVE_ARCH = YES;
				SDKROOT = iphoneos;
				SWIFT_ACTIVE_COMPILATION_CONDITIONS = DEBUG;
				SWIFT_OPTIMIZATION_LEVEL = "-Onone";
			};
			name = Debug;
		};
		B5454B51208E7DAE00F8CEC7 /* Release */ = {
			isa = XCBuildConfiguration;
			buildSettings = {
				ALWAYS_SEARCH_USER_PATHS = NO;
				CLANG_ANALYZER_NONNULL = YES;
				CLANG_ANALYZER_NUMBER_OBJECT_CONVERSION = YES_AGGRESSIVE;
				CLANG_CXX_LANGUAGE_STANDARD = "gnu++14";
				CLANG_CXX_LIBRARY = "libc++";
				CLANG_ENABLE_MODULES = YES;
				CLANG_ENABLE_OBJC_ARC = YES;
				CLANG_WARN_BLOCK_CAPTURE_AUTORELEASING = YES;
				CLANG_WARN_BOOL_CONVERSION = YES;
				CLANG_WARN_COMMA = YES;
				CLANG_WARN_CONSTANT_CONVERSION = YES;
				CLANG_WARN_DIRECT_OBJC_ISA_USAGE = YES_ERROR;
				CLANG_WARN_DOCUMENTATION_COMMENTS = YES;
				CLANG_WARN_EMPTY_BODY = YES;
				CLANG_WARN_ENUM_CONVERSION = YES;
				CLANG_WARN_INFINITE_RECURSION = YES;
				CLANG_WARN_INT_CONVERSION = YES;
				CLANG_WARN_NON_LITERAL_NULL_CONVERSION = YES;
				CLANG_WARN_OBJC_LITERAL_CONVERSION = YES;
				CLANG_WARN_OBJC_ROOT_CLASS = YES_ERROR;
				CLANG_WARN_RANGE_LOOP_ANALYSIS = YES;
				CLANG_WARN_STRICT_PROTOTYPES = YES;
				CLANG_WARN_SUSPICIOUS_MOVE = YES;
				CLANG_WARN_UNGUARDED_AVAILABILITY = YES_AGGRESSIVE;
				CLANG_WARN_UNREACHABLE_CODE = YES;
				CLANG_WARN__DUPLICATE_METHOD_MATCH = YES;
				CODE_SIGN_IDENTITY = "iPhone Developer";
				COPY_PHASE_STRIP = NO;
				DEBUG_INFORMATION_FORMAT = "dwarf-with-dsym";
				ENABLE_NS_ASSERTIONS = NO;
				ENABLE_STRICT_OBJC_MSGSEND = YES;
				GCC_C_LANGUAGE_STANDARD = gnu11;
				GCC_NO_COMMON_BLOCKS = YES;
				GCC_WARN_64_TO_32_BIT_CONVERSION = YES;
				GCC_WARN_ABOUT_RETURN_TYPE = YES_ERROR;
				GCC_WARN_UNDECLARED_SELECTOR = YES;
				GCC_WARN_UNINITIALIZED_AUTOS = YES_AGGRESSIVE;
				GCC_WARN_UNUSED_FUNCTION = YES;
				GCC_WARN_UNUSED_VARIABLE = YES;
				IPHONEOS_DEPLOYMENT_TARGET = 11.2;
				MTL_ENABLE_DEBUG_INFO = NO;
				SDKROOT = iphoneos;
				SWIFT_OPTIMIZATION_LEVEL = "-Owholemodule";
				VALIDATE_PRODUCT = YES;
			};
			name = Release;
		};
		B5454B53208E7DAE00F8CEC7 /* Debug */ = {
			isa = XCBuildConfiguration;
			buildSettings = {
				ASSETCATALOG_COMPILER_APPICON_NAME = AppIcon;
				CODE_SIGN_STYLE = Automatic;
				INFOPLIST_FILE = HeatFinder/Info.plist;
				LD_RUNPATH_SEARCH_PATHS = "$(inherited) @executable_path/Frameworks";
				PRODUCT_BUNDLE_IDENTIFIER = com.lawtutley.HeatFinder;
				PRODUCT_NAME = "$(TARGET_NAME)";
				SWIFT_VERSION = 4.0;
				TARGETED_DEVICE_FAMILY = "1,2";
			};
			name = Debug;
		};
		B5454B54208E7DAE00F8CEC7 /* Release */ = {
			isa = XCBuildConfiguration;
			buildSettings = {
				ASSETCATALOG_COMPILER_APPICON_NAME = AppIcon;
				CODE_SIGN_STYLE = Automatic;
				INFOPLIST_FILE = HeatFinder/Info.plist;
				LD_RUNPATH_SEARCH_PATHS = "$(inherited) @executable_path/Frameworks";
				PRODUCT_BUNDLE_IDENTIFIER = com.lawtutley.HeatFinder;
				PRODUCT_NAME = "$(TARGET_NAME)";
				SWIFT_VERSION = 4.0;
				TARGETED_DEVICE_FAMILY = "1,2";
			};
			name = Release;
		};
/* End XCBuildConfiguration section */

/* Begin XCConfigurationList section */
		B5454B3B208E7DAE00F8CEC7 /* Build configuration list for PBXProject "HeatFinder" */ = {
			isa = XCConfigurationList;
			buildConfigurations = (
				B5454B50208E7DAE00F8CEC7 /* Debug */,
				B5454B51208E7DAE00F8CEC7 /* Release */,
			);
			defaultConfigurationIsVisible = 0;
			defaultConfigurationName = Release;
		};
		B5454B52208E7DAE00F8CEC7 /* Build configuration list for PBXNativeTarget "HeatFinder" */ = {
			isa = XCConfigurationList;
			buildConfigurations = (
				B5454B53208E7DAE00F8CEC7 /* Debug */,
				B5454B54208E7DAE00F8CEC7 /* Release */,
			);
			defaultConfigurationIsVisible = 0;
			defaultConfigurationName = Release;
		};
/* End XCConfigurationList section */
	};
	rootObject = B5454B38208E7DAE00F8CEC7 /* Project object */;
}
